# This file is automatically @generated by Cargo.
# It is not intended for manual editing.
version = 4

[[package]]
name = "bronze-capture"
version = "0.0.0"

[[package]]
name = "bronze-diagnostics"
version = "0.0.0"

[[package]]
name = "bronze-domain"
version = "0.0.0"

[[package]]
name = "bronze-platform"
version = "0.0.0"

[[package]]
name = "bronze-platform-macos"
version = "0.0.0"

[[package]]
name = "bronze-settings"
version = "0.0.0"

[[package]]
name = "bronze-storage"
version = "0.0.0"
